
Microsoft Visual Studio Solution File, Format Version 12.00
# Visual Studio Version 17
VisualStudioVersion = 17.5.33530.505
MinimumVisualStudioVersion = 10.0.40219.1
Project("{FAE04EC0-301F-11D3-BF4B-00C04F79EFBC}") = "jeu_du_pendu", "jeu_du_pendu\jeu_du_pendu.csproj", "{A7FBD7B6-9715-4A15-9D98-A08F81F19F2F}"
EndProject
Global
	GlobalSection(SolutionConfigurationPlatforms) = preSolution
		Debug|Any CPU = Debug|Any CPU
		Release|Any CPU = Release|Any CPU
	EndGlobalSection
	GlobalSection(ProjectConfigurationPlatforms) = postSolution
		{A7FBD7B6-9715-4A15-9D98-A08F81F19F2F}.Debug|Any CPU.ActiveCfg = Debug|Any CPU
		{A7FBD7B6-9715-4A15-9D98-A08F81F19F2F}.Debug|Any CPU.Build.0 = Debug|Any CPU
		{A7FBD7B6-9715-4A15-9D98-A08F81F19F2F}.Release|Any CPU.ActiveCfg = Release|Any CPU
		{A7FBD7B6-9715-4A15-9D98-A08F81F19F2F}.Release|Any CPU.Build.0 = Release|Any CPU
	EndGlobalSection
	GlobalSection(SolutionProperties) = preSolution
		HideSolutionNode = FALSE
	EndGlobalSection
	GlobalSection(ExtensibilityGlobals) = postSolution
		SolutionGuid = {59A8A9D0-9D92-4F3D-BEF3-88B024682247}
	EndGlobalSection
EndGlobal
